
Microsoft Visual Studio Solution File, Format Version 12.00
# Visual Studio Version 17
VisualStudioVersion = 17.11.35327.3
MinimumVisualStudioVersion = 10.0.40219.1
Project("{9A19103F-16F7-4668-BE54-9A1E7A4F7556}") = "MauiAppHOTEL", "MauiAppHOTEL\MauiAppHOTEL.csproj", "{C9543F4A-93A6-4AB4-AB6E-072AF58D9900}"
EndProject
Global
	GlobalSection(SolutionConfigurationPlatforms) = preSolution
		Debug|Any CPU = Debug|Any CPU
		Release|Any CPU = Release|Any CPU
	EndGlobalSection
	GlobalSection(ProjectConfigurationPlatforms) = postSolution
		{C9543F4A-93A6-4AB4-AB6E-072AF58D9900}.Debug|Any CPU.ActiveCfg = Debug|Any CPU
		{C9543F4A-93A6-4AB4-AB6E-072AF58D9900}.Debug|Any CPU.Build.0 = Debug|Any CPU
		{C9543F4A-93A6-4AB4-AB6E-072AF58D9900}.Debug|Any CPU.Deploy.0 = Debug|Any CPU
		{C9543F4A-93A6-4AB4-AB6E-072AF58D9900}.Release|Any CPU.ActiveCfg = Release|Any CPU
		{C9543F4A-93A6-4AB4-AB6E-072AF58D9900}.Release|Any CPU.Build.0 = Release|Any CPU
		{C9543F4A-93A6-4AB4-AB6E-072AF58D9900}.Release|Any CPU.Deploy.0 = Release|Any CPU
	EndGlobalSection
	GlobalSection(SolutionProperties) = preSolution
		HideSolutionNode = FALSE
	EndGlobalSection
	GlobalSection(ExtensibilityGlobals) = postSolution
		SolutionGuid = {429DD86F-3CF7-40C5-BDDE-DF492F683D87}
	EndGlobalSection
EndGlobal
